# THIS IS AN AUTOGENERATED FILE. DO NOT EDIT THIS FILE DIRECTLY.
# yarn lockfile v1


empty-npm-package@^1.0.0:
  version "1.0.0"
  resolved "https://registry.yarnpkg.com/empty-npm-package/-/empty-npm-package-1.0.0.tgz#fda29eb6de5efa391f73d578697853af55f6793a"
  integrity sha512-q4Mq/+XO7UNDdMiPpR/LIBIW1Zl4V0Z6UT9aKGqIAnBCtCb3lvZJM1KbDbdzdC8fKflwflModfjR29Nt0EpcwA==
